
Microsoft Visual Studio Solution File, Format Version 12.00
# Visual Studio Version 17
VisualStudioVersion = 17.1.32421.90
MinimumVisualStudioVersion = 10.0.40219.1
Project("{FAE04EC0-301F-11D3-BF4B-00C04F79EFBC}") = "XFTemplate.Android", "XFTemplate\XFTemplate.Android\XFTemplate.Android.csproj", "{567AC14B-AAB5-47BE-B90B-4223C1CEC3D4}"
EndProject
Project("{FAE04EC0-301F-11D3-BF4B-00C04F79EFBC}") = "XFTemplate.iOS", "XFTemplate\XFTemplate.iOS\XFTemplate.iOS.csproj", "{F77EE71C-9199-447D-96C3-39F20E74344B}"
EndProject
Project("{FAE04EC0-301F-11D3-BF4B-00C04F79EFBC}") = "XFTemplate", "XFTemplate\XFTemplate\XFTemplate.csproj", "{77349AAC-3620-4CCC-BECD-6518234CB005}"
EndProject
Global
	GlobalSection(SolutionConfigurationPlatforms) = preSolution
		Debug|Any CPU = Debug|Any CPU
		Debug|iPhone = Debug|iPhone
		Debug|iPhoneSimulator = Debug|iPhoneSimulator
		Release|Any CPU = Release|Any CPU
		Release|iPhone = Release|iPhone
		Release|iPhoneSimulator = Release|iPhoneSimulator
	EndGlobalSection
	GlobalSection(ProjectConfigurationPlatforms) = postSolution
		{567AC14B-AAB5-47BE-B90B-4223C1CEC3D4}.Debug|Any CPU.ActiveCfg = Debug|Any CPU
		{567AC14B-AAB5-47BE-B90B-4223C1CEC3D4}.Debug|Any CPU.Build.0 = Debug|Any CPU
		{567AC14B-AAB5-47BE-B90B-4223C1CEC3D4}.Debug|Any CPU.Deploy.0 = Debug|Any CPU
		{567AC14B-AAB5-47BE-B90B-4223C1CEC3D4}.Debug|iPhone.ActiveCfg = Debug|Any CPU
		{567AC14B-AAB5-47BE-B90B-4223C1CEC3D4}.Debug|iPhone.Build.0 = Debug|Any CPU
		{567AC14B-AAB5-47BE-B90B-4223C1CEC3D4}.Debug|iPhone.Deploy.0 = Debug|Any CPU
		{567AC14B-AAB5-47BE-B90B-4223C1CEC3D4}.Debug|iPhoneSimulator.ActiveCfg = Debug|Any CPU
		{567AC14B-AAB5-47BE-B90B-4223C1CEC3D4}.Debug|iPhoneSimulator.Build.0 = Debug|Any CPU
		{567AC14B-AAB5-47BE-B90B-4223C1CEC3D4}.Debug|iPhoneSimulator.Deploy.0 = Debug|Any CPU
		{567AC14B-AAB5-47BE-B90B-4223C1CEC3D4}.Release|Any CPU.ActiveCfg = Release|Any CPU
		{567AC14B-AAB5-47BE-B90B-4223C1CEC3D4}.Release|Any CPU.Build.0 = Release|Any CPU
		{567AC14B-AAB5-47BE-B90B-4223C1CEC3D4}.Release|Any CPU.Deploy.0 = Release|Any CPU
		{567AC14B-AAB5-47BE-B90B-4223C1CEC3D4}.Release|iPhone.ActiveCfg = Release|Any CPU
		{567AC14B-AAB5-47BE-B90B-4223C1CEC3D4}.Release|iPhone.Build.0 = Release|Any CPU
		{567AC14B-AAB5-47BE-B90B-4223C1CEC3D4}.Release|iPhone.Deploy.0 = Release|Any CPU
		{567AC14B-AAB5-47BE-B90B-4223C1CEC3D4}.Release|iPhoneSimulator.ActiveCfg = Release|Any CPU
		{567AC14B-AAB5-47BE-B90B-4223C1CEC3D4}.Release|iPhoneSimulator.Build.0 = Release|Any CPU
		{567AC14B-AAB5-47BE-B90B-4223C1CEC3D4}.Release|iPhoneSimulator.Deploy.0 = Release|Any CPU
		{F77EE71C-9199-447D-96C3-39F20E74344B}.Debug|Any CPU.ActiveCfg = Debug|iPhone
		{F77EE71C-9199-447D-96C3-39F20E74344B}.Debug|Any CPU.Build.0 = Debug|iPhone
		{F77EE71C-9199-447D-96C3-39F20E74344B}.Debug|Any CPU.Deploy.0 = Debug|iPhone
		{F77EE71C-9199-447D-96C3-39F20E74344B}.Debug|iPhone.ActiveCfg = Debug|iPhone
		{F77EE71C-9199-447D-96C3-39F20E74344B}.Debug|iPhone.Build.0 = Debug|iPhone
		{F77EE71C-9199-447D-96C3-39F20E74344B}.Debug|iPhone.Deploy.0 = Debug|iPhone
		{F77EE71C-9199-447D-96C3-39F20E74344B}.Debug|iPhoneSimulator.ActiveCfg = Debug|iPhoneSimulator
		{F77EE71C-9199-447D-96C3-39F20E74344B}.Debug|iPhoneSimulator.Build.0 = Debug|iPhoneSimulator
		{F77EE71C-9199-447D-96C3-39F20E74344B}.Debug|iPhoneSimulator.Deploy.0 = Debug|iPhoneSimulator
		{F77EE71C-9199-447D-96C3-39F20E74344B}.Release|Any CPU.ActiveCfg = Release|iPhoneSimulator
		{F77EE71C-9199-447D-96C3-39F20E74344B}.Release|Any CPU.Build.0 = Release|iPhoneSimulator
		{F77EE71C-9199-447D-96C3-39F20E74344B}.Release|Any CPU.Deploy.0 = Release|iPhoneSimulator
		{F77EE71C-9199-447D-96C3-39F20E74344B}.Release|iPhone.ActiveCfg = Release|iPhone
		{F77EE71C-9199-447D-96C3-39F20E74344B}.Release|iPhone.Build.0 = Release|iPhone
		{F77EE71C-9199-447D-96C3-39F20E74344B}.Release|iPhone.Deploy.0 = Release|iPhone
		{F77EE71C-9199-447D-96C3-39F20E74344B}.Release|iPhoneSimulator.ActiveCfg = Release|iPhoneSimulator
		{F77EE71C-9199-447D-96C3-39F20E74344B}.Release|iPhoneSimulator.Build.0 = Release|iPhoneSimulator
		{F77EE71C-9199-447D-96C3-39F20E74344B}.Release|iPhoneSimulator.Deploy.0 = Release|iPhoneSimulator
		{77349AAC-3620-4CCC-BECD-6518234CB005}.Debug|Any CPU.ActiveCfg = Debug|Any CPU
		{77349AAC-3620-4CCC-BECD-6518234CB005}.Debug|Any CPU.Build.0 = Debug|Any CPU
		{77349AAC-3620-4CCC-BECD-6518234CB005}.Debug|Any CPU.Deploy.0 = Debug|Any CPU
		{77349AAC-3620-4CCC-BECD-6518234CB005}.Debug|iPhone.ActiveCfg = Debug|Any CPU
		{77349AAC-3620-4CCC-BECD-6518234CB005}.Debug|iPhone.Build.0 = Debug|Any CPU
		{77349AAC-3620-4CCC-BECD-6518234CB005}.Debug|iPhone.Deploy.0 = Debug|Any CPU
		{77349AAC-3620-4CCC-BECD-6518234CB005}.Debug|iPhoneSimulator.ActiveCfg = Debug|Any CPU
		{77349AAC-3620-4CCC-BECD-6518234CB005}.Debug|iPhoneSimulator.Build.0 = Debug|Any CPU
		{77349AAC-3620-4CCC-BECD-6518234CB005}.Debug|iPhoneSimulator.Deploy.0 = Debug|Any CPU
		{77349AAC-3620-4CCC-BECD-6518234CB005}.Release|Any CPU.ActiveCfg = Release|Any CPU
		{77349AAC-3620-4CCC-BECD-6518234CB005}.Release|Any CPU.Build.0 = Release|Any CPU
		{77349AAC-3620-4CCC-BECD-6518234CB005}.Release|Any CPU.Deploy.0 = Release|Any CPU
		{77349AAC-3620-4CCC-BECD-6518234CB005}.Release|iPhone.ActiveCfg = Release|Any CPU
		{77349AAC-3620-4CCC-BECD-6518234CB005}.Release|iPhone.Build.0 = Release|Any CPU
		{77349AAC-3620-4CCC-BECD-6518234CB005}.Release|iPhone.Deploy.0 = Release|Any CPU
		{77349AAC-3620-4CCC-BECD-6518234CB005}.Release|iPhoneSimulator.ActiveCfg = Release|Any CPU
		{77349AAC-3620-4CCC-BECD-6518234CB005}.Release|iPhoneSimulator.Build.0 = Release|Any CPU
		{77349AAC-3620-4CCC-BECD-6518234CB005}.Release|iPhoneSimulator.Deploy.0 = Release|Any CPU
	EndGlobalSection
	GlobalSection(SolutionProperties) = preSolution
		HideSolutionNode = FALSE
	EndGlobalSection
	GlobalSection(ExtensibilityGlobals) = postSolution
		SolutionGuid = {9AAB5CEE-CAED-4F2F-91F6-2C396F8DEDBB}
	EndGlobalSection
EndGlobal
